// !$*UTF8*$!
{
	archiveVersion = 1;
	classes = {
	};
	objectVersion = 56;
	objects = {

/* Begin PBXBuildFile section */
		048633022B318A9A004ADBCC /* main.m in Sources */ = {isa = PBXBuildFile; fileRef = 048633012B318A9A004ADBCC /* main.m */; };
		048633092B318F54004ADBCC /* ApplicationDelegate.m in Sources */ = {isa = PBXBuildFile; fileRef = 048633082B318F54004ADBCC /* ApplicationDelegate.m */; };
		0486330D2B319781004ADBCC /* InputController.m in Sources */ = {isa = PBXBuildFile; fileRef = 0486330C2B319781004ADBCC /* InputController.m */; };
		048633102B3213A6004ADBCC /* HIDManager.m in Sources */ = {isa = PBXBuildFile; fileRef = 0486330F2B3213A6004ADBCC /* HIDManager.m */; };
/* End PBXBuildFile section */

/* Begin PBXCopyFilesBuildPhase section */
		048632FC2B318A9A004ADBCC /* CopyFiles */ = {
			isa = PBXCopyFilesBuildPhase;
			buildActionMask = 2147483647;
			dstPath = /usr/share/man/man1/;
			dstSubfolderSpec = 0;
			files = (
			);
			runOnlyForDeploymentPostprocessing = 1;
		};
/* End PBXCopyFilesBuildPhase section */

/* Begin PBXFileReference section */
		048632FE2B318A9A004ADBCC /* remapper */ = {isa = PBXFileReference; explicitFileType = "compiled.mach-o.executable"; includeInIndex = 0; path = remapper; sourceTree = BUILT_PRODUCTS_DIR; };
		048633012B318A9A004ADBCC /* main.m */ = {isa = PBXFileReference; lastKnownFileType = sourcecode.c.objc; path = main.m; sourceTree = "<group>"; };
		048633082B318F54004ADBCC /* ApplicationDelegate.m */ = {isa = PBXFileReference; lastKnownFileType = sourcecode.c.objc; path = ApplicationDelegate.m; sourceTree = "<group>"; };
		0486330A2B319017004ADBCC /* ApplicationDelegate.h */ = {isa = PBXFileReference; lastKnownFileType = sourcecode.c.h; path = ApplicationDelegate.h; sourceTree = "<group>"; };
		0486330B2B319771004ADBCC /* InputController.h */ = {isa = PBXFileReference; lastKnownFileType = sourcecode.c.h; path = InputController.h; sourceTree = "<group>"; };
		0486330C2B319781004ADBCC /* InputController.m */ = {isa = PBXFileReference; lastKnownFileType = sourcecode.c.objc; path = InputController.m; sourceTree = "<group>"; };
		0486330E2B3197E9004ADBCC /* HIDManager.h */ = {isa = PBXFileReference; lastKnownFileType = sourcecode.c.h; path = HIDManager.h; sourceTree = "<group>"; };
		0486330F2B3213A6004ADBCC /* HIDManager.m */ = {isa = PBXFileReference; lastKnownFileType = sourcecode.c.objc; path = HIDManager.m; sourceTree = "<group>"; };
		048633142B3238CF004ADBCC /* README.md */ = {isa = PBXFileReference; lastKnownFileType = net.daringfireball.markdown; path = README.md; sourceTree = "<group>"; };
/* End PBXFileReference section */

/* Begin PBXFrameworksBuildPhase section */
		048632FB2B318A9A004ADBCC /* Frameworks */ = {
			isa = PBXFrameworksBuildPhase;
			buildActionMask = 2147483647;
			files = (
			);
			runOnlyForDeploymentPostprocessing = 0;
		};
/* End PBXFrameworksBuildPhase section */

/* Begin PBXGroup section */
		048632F52B318A9A004ADBCC = {
			isa = PBXGroup;
			children = (
				048633142B3238CF004ADBCC /* README.md */,
				048633002B318A9A004ADBCC /* remapper */,
				048632FF2B318A9A004ADBCC /* Products */,
			);
			sourceTree = "<group>";
		};
		048632FF2B318A9A004ADBCC /* Products */ = {
			isa = PBXGroup;
			children = (
				048632FE2B318A9A004ADBCC /* remapper */,
			);
			name = Products;
			sourceTree = "<group>";
		};
		048633002B318A9A004ADBCC /* remapper */ = {
			isa = PBXGroup;
			children = (
				048633012B318A9A004ADBCC /* main.m */,
				0486330A2B319017004ADBCC /* ApplicationDelegate.h */,
				048633082B318F54004ADBCC /* ApplicationDelegate.m */,
				0486330B2B319771004ADBCC /* InputController.h */,
				0486330C2B319781004ADBCC /* InputController.m */,
				0486330E2B3197E9004ADBCC /* HIDManager.h */,
				0486330F2B3213A6004ADBCC /* HIDManager.m */,
			);
			path = remapper;
			sourceTree = "<group>";
		};
/* End PBXGroup section */

/* Begin PBXNativeTarget section */
		048632FD2B318A9A004ADBCC /* remapper */ = {
			isa = PBXNativeTarget;
			buildConfigurationList = 048633052B318A9A004ADBCC /* Build configuration list for PBXNativeTarget "remapper" */;
			buildPhases = (
				048632FA2B318A9A004ADBCC /* Sources */,
				048632FB2B318A9A004ADBCC /* Frameworks */,
				048632FC2B318A9A004ADBCC /* CopyFiles */,
			);
			buildRules = (
			);
			dependencies = (
			);
			name = remapper;
			productName = remapper;
			productReference = 048632FE2B318A9A004ADBCC /* remapper */;
			productType = "com.apple.product-type.tool";
		};
/* End PBXNativeTarget section */

/* Begin PBXProject section */
		048632F62B318A9A004ADBCC /* Project object */ = {
			isa = PBXProject;
			attributes = {
				BuildIndependentTargetsInParallel = 1;
				LastUpgradeCheck = 1510;
				TargetAttributes = {
					048632FD2B318A9A004ADBCC = {
						CreatedOnToolsVersion = 15.1;
					};
				};
			};
			buildConfigurationList = 048632F92B318A9A004ADBCC /* Build configuration list for PBXProject "remapper" */;
			compatibilityVersion = "Xcode 14.0";
			developmentRegion = en;
			hasScannedForEncodings = 0;
			knownRegions = (
				en,
				Base,
			);
			mainGroup = 048632F52B318A9A004ADBCC;
			productRefGroup = 048632FF2B318A9A004ADBCC /* Products */;
			projectDirPath = "";
			projectRoot = "";
			targets = (
				048632FD2B318A9A004ADBCC /* remapper */,
			);
		};
/* End PBXProject section */

/* Begin PBXSourcesBuildPhase section */
		048632FA2B318A9A004ADBCC /* Sources */ = {
			isa = PBXSourcesBuildPhase;
			buildActionMask = 2147483647;
			files = (
				048633022B318A9A004ADBCC /* main.m in Sources */,
				048633092B318F54004ADBCC /* ApplicationDelegate.m in Sources */,
				0486330D2B319781004ADBCC /* InputController.m in Sources */,
				048633102B3213A6004ADBCC /* HIDManager.m in Sources */,
			);
			runOnlyForDeploymentPostprocessing = 0;
		};
/* End PBXSourcesBuildPhase section */

/* Begin XCBuildConfiguration section */
		048633032B318A9A004ADBCC /* Debug */ = {
			isa = XCBuildConfiguration;
			buildSettings = {
				ALWAYS_SEARCH_USER_PATHS = NO;
				ASSETCATALOG_COMPILER_GENERATE_SWIFT_ASSET_SYMBOL_EXTENSIONS = YES;
				CLANG_ANALYZER_NONNULL = YES;
				CLANG_ANALYZER_NUMBER_OBJECT_CONVERSION = YES_AGGRESSIVE;
				CLANG_CXX_LANGUAGE_STANDARD = "gnu++20";
				CLANG_ENABLE_MODULES = YES;
				CLANG_ENABLE_OBJC_ARC = YES;
				CLANG_ENABLE_OBJC_WEAK = YES;
				CLANG_WARN_BLOCK_CAPTURE_AUTORELEASING = YES;
				CLANG_WARN_BOOL_CONVERSION = YES;
				CLANG_WARN_COMMA = YES;
				CLANG_WARN_CONSTANT_CONVERSION = YES;
				CLANG_WARN_DEPRECATED_OBJC_IMPLEMENTATIONS = YES;
				CLANG_WARN_DIRECT_OBJC_ISA_USAGE = YES_ERROR;
				CLANG_WARN_DOCUMENTATION_COMMENTS = YES;
				CLANG_WARN_EMPTY_BODY = YES;
				CLANG_WARN_ENUM_CONVERSION = YES;
				CLANG_WARN_INFINITE_RECURSION = YES;
				CLANG_WARN_INT_CONVERSION = YES;
				CLANG_WARN_NON_LITERAL_NULL_CONVERSION = YES;
				CLANG_WARN_OBJC_IMPLICIT_RETAIN_SELF = YES;
				CLANG_WARN_OBJC_LITERAL_CONVERSION = YES;
				CLANG_WARN_OBJC_ROOT_CLASS = YES_ERROR;
				CLANG_WARN_QUOTED_INCLUDE_IN_FRAMEWORK_HEADER = YES;
				CLANG_WARN_RANGE_LOOP_ANALYSIS = YES;
				CLANG_WARN_STRICT_PROTOTYPES = YES;
				CLANG_WARN_SUSPICIOUS_MOVE = YES;
				CLANG_WARN_UNGUARDED_AVAILABILITY = YES_AGGRESSIVE;
				CLANG_WARN_UNREACHABLE_CODE = YES;
				CLANG_WARN__DUPLICATE_METHOD_MATCH = YES;
				COPY_PHASE_STRIP = NO;
				DEBUG_INFORMATION_FORMAT = dwarf;
				ENABLE_STRICT_OBJC_MSGSEND = YES;
				ENABLE_TESTABILITY = YES;
				ENABLE_USER_SCRIPT_SANDBOXING = YES;
				GCC_C_LANGUAGE_STANDARD = gnu17;
				GCC_DYNAMIC_NO_PIC = NO;
				GCC_NO_COMMON_BLOCKS = YES;
				GCC_OPTIMIZATION_LEVEL = 0;
				GCC_PREPROCESSOR_DEFINITIONS = (
					"DEBUG=1",
					"$(inherited)",
				);
				GCC_WARN_64_TO_32_BIT_CONVERSION = YES;
				GCC_WARN_ABOUT_RETURN_TYPE = YES_ERROR;
				GCC_WARN_UNDECLARED_SELECTOR = YES;
				GCC_WARN_UNINITIALIZED_AUTOS = YES_AGGRESSIVE;
				GCC_WARN_UNUSED_FUNCTION = YES;
				GCC_WARN_UNUSED_VARIABLE = YES;
				LOCALIZATION_PREFERS_STRING_CATALOGS = YES;
				MACOSX_DEPLOYMENT_TARGET = 14.2;
				MTL_ENABLE_DEBUG_INFO = INCLUDE_SOURCE;
				MTL_FAST_MATH = YES;
				ONLY_ACTIVE_ARCH = YES;
				SDKROOT = macosx;
			};
			name = Debug;
		};
		048633042B318A9A004ADBCC /* Release */ = {
			isa = XCBuildConfiguration;
			buildSettings = {
				ALWAYS_SEARCH_USER_PATHS = NO;
				ASSETCATALOG_COMPILER_GENERATE_SWIFT_ASSET_SYMBOL_EXTENSIONS = YES;
				CLANG_ANALYZER_NONNULL = YES;
				CLANG_ANALYZER_NUMBER_OBJECT_CONVERSION = YES_AGGRESSIVE;
				CLANG_CXX_LANGUAGE_STANDARD = "gnu++20";
				CLANG_ENABLE_MODULES = YES;
				CLANG_ENABLE_OBJC_ARC = YES;
				CLANG_ENABLE_OBJC_WEAK = YES;
				CLANG_WARN_BLOCK_CAPTURE_AUTORELEASING = YES;
				CLANG_WARN_BOOL_CONVERSION = YES;
				CLANG_WARN_COMMA = YES;
				CLANG_WARN_CONSTANT_CONVERSION = YES;
				CLANG_WARN_DEPRECATED_OBJC_IMPLEMENTATIONS = YES;
				CLANG_WARN_DIRECT_OBJC_ISA_USAGE = YES_ERROR;
				CLANG_WARN_DOCUMENTATION_COMMENTS = YES;
				CLANG_WARN_EMPTY_BODY = YES;
				CLANG_WARN_ENUM_CONVERSION = YES;
				CLANG_WARN_INFINITE_RECURSION = YES;
				CLANG_WARN_INT_CONVERSION = YES;
				CLANG_WARN_NON_LITERAL_NULL_CONVERSION = YES;
				CLANG_WARN_OBJC_IMPLICIT_RETAIN_SELF = YES;
				CLANG_WARN_OBJC_LITERAL_CONVERSION = YES;
				CLANG_WARN_OBJC_ROOT_CLASS = YES_ERROR;
				CLANG_WARN_QUOTED_INCLUDE_IN_FRAMEWORK_HEADER = YES;
				CLANG_WARN_RANGE_LOOP_ANALYSIS = YES;
				CLANG_WARN_STRICT_PROTOTYPES = YES;
				CLANG_WARN_SUSPICIOUS_MOVE = YES;
				CLANG_WARN_UNGUARDED_AVAILABILITY = YES_AGGRESSIVE;
				CLANG_WARN_UNREACHABLE_CODE = YES;
				CLANG_WARN__DUPLICATE_METHOD_MATCH = YES;
				COPY_PHASE_STRIP = NO;
				DEBUG_INFORMATION_FORMAT = "dwarf-with-dsym";
				ENABLE_NS_ASSERTIONS = NO;
				ENABLE_STRICT_OBJC_MSGSEND = YES;
				ENABLE_USER_SCRIPT_SANDBOXING = YES;
				GCC_C_LANGUAGE_STANDARD = gnu17;
				GCC_NO_COMMON_BLOCKS = YES;
				GCC_WARN_64_TO_32_BIT_CONVERSION = YES;
				GCC_WARN_ABOUT_RETURN_TYPE = YES_ERROR;
				GCC_WARN_UNDECLARED_SELECTOR = YES;
				GCC_WARN_UNINITIALIZED_AUTOS = YES_AGGRESSIVE;
				GCC_WARN_UNUSED_FUNCTION = YES;
				GCC_WARN_UNUSED_VARIABLE = YES;
				LOCALIZATION_PREFERS_STRING_CATALOGS = YES;
				MACOSX_DEPLOYMENT_TARGET = 14.2;
				MTL_ENABLE_DEBUG_INFO = NO;
				MTL_FAST_MATH = YES;
				SDKROOT = macosx;
			};
			name = Release;
		};
		048633062B318A9A004ADBCC /* Debug */ = {
			isa = XCBuildConfiguration;
			buildSettings = {
				CODE_SIGN_STYLE = Automatic;
				PRODUCT_NAME = "$(TARGET_NAME)";
			};
			name = Debug;
		};
		048633072B318A9A004ADBCC /* Release */ = {
			isa = XCBuildConfiguration;
			buildSettings = {
				CODE_SIGN_STYLE = Automatic;
				PRODUCT_NAME = "$(TARGET_NAME)";
			};
			name = Release;
		};
/* End XCBuildConfiguration section */

/* Begin XCConfigurationList section */
		048632F92B318A9A004ADBCC /* Build configuration list for PBXProject "remapper" */ = {
			isa = XCConfigurationList;
			buildConfigurations = (
				048633032B318A9A004ADBCC /* Debug */,
				048633042B318A9A004ADBCC /* Release */,
			);
			defaultConfigurationIsVisible = 0;
			defaultConfigurationName = Release;
		};
		048633052B318A9A004ADBCC /* Build configuration list for PBXNativeTarget "remapper" */ = {
			isa = XCConfigurationList;
			buildConfigurations = (
				048633062B318A9A004ADBCC /* Debug */,
				048633072B318A9A004ADBCC /* Release */,
			);
			defaultConfigurationIsVisible = 0;
			defaultConfigurationName = Release;
		};
/* End XCConfigurationList section */
	};
	rootObject = 048632F62B318A9A004ADBCC /* Project object */;
}
